
Microsoft Visual Studio Solution File, Format Version 12.00
# Visual Studio 15
Project("{FAE04EC0-301F-11D3-BF4B-00C04F79EFBC}") = "UnityEngine.TestRunner", "UnityEngine.TestRunner.csproj", "{0AFDEB89-7CFB-BAC4-65EE-4FCFED66F5E9}"
EndProject
Project("{FAE04EC0-301F-11D3-BF4B-00C04F79EFBC}") = "Unity.Mathematics", "Unity.Mathematics.csproj", "{09ABB7E3-7733-17FE-3676-4967A964EBF6}"
EndProject
Project("{FAE04EC0-301F-11D3-BF4B-00C04F79EFBC}") = "Unity.2D.Animation.Triangle.Runtime", "Unity.2D.Animation.Triangle.Runtime.csproj", "{D5CBF912-B4AD-7DB1-4BA0-00C0829EDEA2}"
EndProject
Project("{FAE04EC0-301F-11D3-BF4B-00C04F79EFBC}") = "Unity.Timeline", "Unity.Timeline.csproj", "{19B1579A-E8E1-1F47-B129-324B3F6ED044}"
EndProject
Project("{FAE04EC0-301F-11D3-BF4B-00C04F79EFBC}") = "UnityEngine.UI", "UnityEngine.UI.csproj", "{D1C9FAB8-5CB6-D337-8C73-7BD5AC62D79C}"
EndProject
Project("{FAE04EC0-301F-11D3-BF4B-00C04F79EFBC}") = "Unity.TextMeshPro", "Unity.TextMeshPro.csproj", "{B968D9AA-A5DB-1AAA-03FD-947129A4546F}"
EndProject
Project("{FAE04EC0-301F-11D3-BF4B-00C04F79EFBC}") = "Unity.2D.Animation.Runtime", "Unity.2D.Animation.Runtime.csproj", "{A3084DE8-3FA2-D7F6-1460-6CD94C726A33}"
EndProject
Project("{FAE04EC0-301F-11D3-BF4B-00C04F79EFBC}") = "Unity.2D.IK.Runtime", "Unity.2D.IK.Runtime.csproj", "{91235300-54D8-D290-9945-DE2652890778}"
EndProject
Project("{FAE04EC0-301F-11D3-BF4B-00C04F79EFBC}") = "Unity.2D.SpriteShape.Runtime", "Unity.2D.SpriteShape.Runtime.csproj", "{DEAA4118-117B-C72C-6BEE-976BEBC49310}"
EndProject
Project("{FAE04EC0-301F-11D3-BF4B-00C04F79EFBC}") = "Unity.2D.PixelPerfect", "Unity.2D.PixelPerfect.csproj", "{D09056A1-53A2-C598-20E2-1070579E627E}"
EndProject
Project("{FAE04EC0-301F-11D3-BF4B-00C04F79EFBC}") = "Assembly-CSharp", "Assembly-CSharp.csproj", "{FB9A8D01-7D4D-C7C2-C2E2-D0B0C3757034}"
EndProject
Project("{FAE04EC0-301F-11D3-BF4B-00C04F79EFBC}") = "Unity.2D.Common.Runtime", "Unity.2D.Common.Runtime.csproj", "{470AABEA-1D3A-5A57-8C5B-1A1332AFDB21}"
EndProject
Project("{FAE04EC0-301F-11D3-BF4B-00C04F79EFBC}") = "Unity.InternalAPIEngineBridge.001", "Unity.InternalAPIEngineBridge.001.csproj", "{E7ECDC21-29FA-C1F7-F15D-DEA2C2ED4FA0}"
EndProject
Project("{FAE04EC0-301F-11D3-BF4B-00C04F79EFBC}") = "UnityEditor.TestRunner", "UnityEditor.TestRunner.csproj", "{B558D170-62CF-5B2B-AA7D-28B81C14316E}"
EndProject
Project("{FAE04EC0-301F-11D3-BF4B-00C04F79EFBC}") = "Unity.PlasticSCM.Editor", "Unity.PlasticSCM.Editor.csproj", "{8B56DC11-1828-D26E-3EFA-AD3C71A0468D}"
EndProject
Project("{FAE04EC0-301F-11D3-BF4B-00C04F79EFBC}") = "UnityEditor.UI", "UnityEditor.UI.csproj", "{46BA4F14-7A2A-7152-50B9-F9C69AA25FF3}"
EndProject
Project("{FAE04EC0-301F-11D3-BF4B-00C04F79EFBC}") = "Unity.Services.Core.Editor", "Unity.Services.Core.Editor.csproj", "{67AB5886-6769-9F66-838B-26025A71DC04}"
EndProject
Project("{FAE04EC0-301F-11D3-BF4B-00C04F79EFBC}") = "Unity.Timeline.Editor", "Unity.Timeline.Editor.csproj", "{1DC78BBD-044F-8535-F2B8-47D595674BFE}"
EndProject
Project("{FAE04EC0-301F-11D3-BF4B-00C04F79EFBC}") = "Unity.VisualStudio.Editor", "Unity.VisualStudio.Editor.csproj", "{61CAF8A1-6AA9-47F5-F678-EFA321DE747C}"
EndProject
Project("{FAE04EC0-301F-11D3-BF4B-00C04F79EFBC}") = "Unity.2D.Psdimporter.Editor", "Unity.2D.Psdimporter.Editor.csproj", "{33CCEAA3-592D-34FB-E94B-E7F45A383EAD}"
EndProject
Project("{FAE04EC0-301F-11D3-BF4B-00C04F79EFBC}") = "Unity.2D.Animation.Editor", "Unity.2D.Animation.Editor.csproj", "{E569E83D-6EF1-77A6-9909-A5DA48F42FAB}"
EndProject
Project("{FAE04EC0-301F-11D3-BF4B-00C04F79EFBC}") = "Unity.TextMeshPro.Editor", "Unity.TextMeshPro.Editor.csproj", "{4703B358-CF9D-2EBA-8365-DB1014E6B091}"
EndProject
Project("{FAE04EC0-301F-11D3-BF4B-00C04F79EFBC}") = "Unity.2D.SpriteShape.Editor", "Unity.2D.SpriteShape.Editor.csproj", "{BE0056DD-6F62-980D-98F0-D7755409BC94}"
EndProject
Project("{FAE04EC0-301F-11D3-BF4B-00C04F79EFBC}") = "Unity.CollabProxy.Editor", "Unity.CollabProxy.Editor.csproj", "{3DA2B1A5-2AB7-AF18-CE50-E03E2128B33C}"
EndProject
Project("{FAE04EC0-301F-11D3-BF4B-00C04F79EFBC}") = "PsdPlugin", "PsdPlugin.csproj", "{C3A9020E-5478-8D1B-071A-0213CFF87631}"
EndProject
Project("{FAE04EC0-301F-11D3-BF4B-00C04F79EFBC}") = "Unity.2D.Path.Editor", "Unity.2D.Path.Editor.csproj", "{78F7E11B-8C51-89A1-248C-D0035282643C}"
EndProject
Project("{FAE04EC0-301F-11D3-BF4B-00C04F79EFBC}") = "Unity.Rider.Editor", "Unity.Rider.Editor.csproj", "{18A3CC50-BF4A-D956-E061-49FA61C2B3D1}"
EndProject
Project("{FAE04EC0-301F-11D3-BF4B-00C04F79EFBC}") = "Unity.2D.IK.Editor", "Unity.2D.IK.Editor.csproj", "{32DC4CE0-F3CF-30E1-CE51-612140207626}"
EndProject
Project("{FAE04EC0-301F-11D3-BF4B-00C04F79EFBC}") = "Unity.2D.Sprite.Editor", "Unity.2D.Sprite.Editor.csproj", "{583E2DF7-6161-84C1-8928-C338116C71EA}"
EndProject
Project("{FAE04EC0-301F-11D3-BF4B-00C04F79EFBC}") = "Unity.2D.Tilemap.Editor", "Unity.2D.Tilemap.Editor.csproj", "{83F8822D-38DC-C61C-CF76-02D1DD638ABC}"
EndProject
Project("{FAE04EC0-301F-11D3-BF4B-00C04F79EFBC}") = "Unity.2D.PixelPerfect.Editor", "Unity.2D.PixelPerfect.Editor.csproj", "{4CBB1686-0CF4-8D81-70E2-B8D495C975E3}"
EndProject
Project("{FAE04EC0-301F-11D3-BF4B-00C04F79EFBC}") = "Unity.VSCode.Editor", "Unity.VSCode.Editor.csproj", "{FBF48DCB-ABA7-F03B-E15C-0E1A080AAB5D}"
EndProject
Project("{FAE04EC0-301F-11D3-BF4B-00C04F79EFBC}") = "Unity.2D.Common.Editor", "Unity.2D.Common.Editor.csproj", "{0D275E28-355A-EB2D-1BC2-0D3ABC0B7884}"
EndProject
Project("{FAE04EC0-301F-11D3-BF4B-00C04F79EFBC}") = "Unity.Mathematics.Editor", "Unity.Mathematics.Editor.csproj", "{ACD87758-B940-245C-DDA3-C91E582E8CCE}"
EndProject
Project("{FAE04EC0-301F-11D3-BF4B-00C04F79EFBC}") = "Unity.InternalAPIEditorBridge.001", "Unity.InternalAPIEditorBridge.001.csproj", "{4AB50D9D-26AF-41EE-629C-BD145AC56D79}"
EndProject
Project("{FAE04EC0-301F-11D3-BF4B-00C04F79EFBC}") = "UnityEngine.TestRunner", "UnityEngine.TestRunner.Player.csproj", "{E3E99C71-BE8B-14B9-73A0-0D4445D76C79}"
EndProject
Project("{FAE04EC0-301F-11D3-BF4B-00C04F79EFBC}") = "Unity.Mathematics", "Unity.Mathematics.Player.csproj", "{577BCA17-2056-3ECF-01D3-F80E09C346A6}"
EndProject
Project("{FAE04EC0-301F-11D3-BF4B-00C04F79EFBC}") = "Unity.2D.Animation.Triangle.Runtime", "Unity.2D.Animation.Triangle.Runtime.Player.csproj", "{AD29C51C-85CC-79B6-B979-7A9435BC89B6}"
EndProject
Project("{FAE04EC0-301F-11D3-BF4B-00C04F79EFBC}") = "Unity.Timeline", "Unity.Timeline.Player.csproj", "{A816B1A7-C7BD-45B9-F468-50E073E7A8B2}"
EndProject
Project("{FAE04EC0-301F-11D3-BF4B-00C04F79EFBC}") = "UnityEngine.UI", "UnityEngine.UI.Player.csproj", "{1FBF6599-021C-BDC6-4496-D445615A3021}"
EndProject
Project("{FAE04EC0-301F-11D3-BF4B-00C04F79EFBC}") = "Unity.TextMeshPro", "Unity.TextMeshPro.Player.csproj", "{14E251BC-99F6-5BA3-3AD2-0BB13685490A}"
EndProject
Project("{FAE04EC0-301F-11D3-BF4B-00C04F79EFBC}") = "Unity.2D.Animation.Runtime", "Unity.2D.Animation.Runtime.Player.csproj", "{8B9768A5-FCC4-0011-7434-92C654CABB5A}"
EndProject
Project("{FAE04EC0-301F-11D3-BF4B-00C04F79EFBC}") = "Unity.2D.IK.Runtime", "Unity.2D.IK.Runtime.Player.csproj", "{FFC24EA1-1890-CE27-A18C-C87719A258A4}"
EndProject
Project("{FAE04EC0-301F-11D3-BF4B-00C04F79EFBC}") = "Unity.2D.SpriteShape.Runtime", "Unity.2D.SpriteShape.Runtime.Player.csproj", "{22C28F67-098F-53C4-45FE-515B7E8CF0C1}"
EndProject
Project("{FAE04EC0-301F-11D3-BF4B-00C04F79EFBC}") = "Unity.2D.PixelPerfect", "Unity.2D.PixelPerfect.Player.csproj", "{BBE1E91A-3F4D-0F7D-C7B9-25546BDCB59F}"
EndProject
Project("{FAE04EC0-301F-11D3-BF4B-00C04F79EFBC}") = "Assembly-CSharp", "Assembly-CSharp.Player.csproj", "{8CC9A171-DC4D-0143-408C-241AEE679761}"
EndProject
Project("{FAE04EC0-301F-11D3-BF4B-00C04F79EFBC}") = "Unity.2D.Common.Runtime", "Unity.2D.Common.Runtime.Player.csproj", "{976BADD8-7907-AA9B-DDCD-11EDADC5DAEB}"
EndProject
Project("{FAE04EC0-301F-11D3-BF4B-00C04F79EFBC}") = "Unity.InternalAPIEngineBridge.001", "Unity.InternalAPIEngineBridge.001.Player.csproj", "{4AA744A3-81BA-92EB-D588-450D4950BC44}"
EndProject
Global
	GlobalSection(SolutionConfigurationPlatforms) = preSolution
		Debug|Any CPU = Debug|Any CPU
		Release|Any CPU = Release|Any CPU
	EndGlobalSection
	GlobalSection(ProjectConfigurationPlatforms) = postSolution
		{0AFDEB89-7CFB-BAC4-65EE-4FCFED66F5E9}.Debug|Any CPU.ActiveCfg = Debug|Any CPU
		{0AFDEB89-7CFB-BAC4-65EE-4FCFED66F5E9}.Debug|Any CPU.Build.0 = Debug|Any CPU
		{0AFDEB89-7CFB-BAC4-65EE-4FCFED66F5E9}.Release|Any CPU.ActiveCfg = Release|Any CPU
		{0AFDEB89-7CFB-BAC4-65EE-4FCFED66F5E9}.Release|Any CPU.Build.0 = Release|Any CPU
		{09ABB7E3-7733-17FE-3676-4967A964EBF6}.Debug|Any CPU.ActiveCfg = Debug|Any CPU
		{09ABB7E3-7733-17FE-3676-4967A964EBF6}.Debug|Any CPU.Build.0 = Debug|Any CPU
		{09ABB7E3-7733-17FE-3676-4967A964EBF6}.Release|Any CPU.ActiveCfg = Release|Any CPU
		{09ABB7E3-7733-17FE-3676-4967A964EBF6}.Release|Any CPU.Build.0 = Release|Any CPU
		{D5CBF912-B4AD-7DB1-4BA0-00C0829EDEA2}.Debug|Any CPU.ActiveCfg = Debug|Any CPU
		{D5CBF912-B4AD-7DB1-4BA0-00C0829EDEA2}.Debug|Any CPU.Build.0 = Debug|Any CPU
		{D5CBF912-B4AD-7DB1-4BA0-00C0829EDEA2}.Release|Any CPU.ActiveCfg = Release|Any CPU
		{D5CBF912-B4AD-7DB1-4BA0-00C0829EDEA2}.Release|Any CPU.Build.0 = Release|Any CPU
		{19B1579A-E8E1-1F47-B129-324B3F6ED044}.Debug|Any CPU.ActiveCfg = Debug|Any CPU
		{19B1579A-E8E1-1F47-B129-324B3F6ED044}.Debug|Any CPU.Build.0 = Debug|Any CPU
		{19B1579A-E8E1-1F47-B129-324B3F6ED044}.Release|Any CPU.ActiveCfg = Release|Any CPU
		{19B1579A-E8E1-1F47-B129-324B3F6ED044}.Release|Any CPU.Build.0 = Release|Any CPU
		{D1C9FAB8-5CB6-D337-8C73-7BD5AC62D79C}.Debug|Any CPU.ActiveCfg = Debug|Any CPU
		{D1C9FAB8-5CB6-D337-8C73-7BD5AC62D79C}.Debug|Any CPU.Build.0 = Debug|Any CPU
		{D1C9FAB8-5CB6-D337-8C73-7BD5AC62D79C}.Release|Any CPU.ActiveCfg = Release|Any CPU
		{D1C9FAB8-5CB6-D337-8C73-7BD5AC62D79C}.Release|Any CPU.Build.0 = Release|Any CPU
		{B968D9AA-A5DB-1AAA-03FD-947129A4546F}.Debug|Any CPU.ActiveCfg = Debug|Any CPU
		{B968D9AA-A5DB-1AAA-03FD-947129A4546F}.Debug|Any CPU.Build.0 = Debug|Any CPU
		{B968D9AA-A5DB-1AAA-03FD-947129A4546F}.Release|Any CPU.ActiveCfg = Release|Any CPU
		{B968D9AA-A5DB-1AAA-03FD-947129A4546F}.Release|Any CPU.Build.0 = Release|Any CPU
		{A3084DE8-3FA2-D7F6-1460-6CD94C726A33}.Debug|Any CPU.ActiveCfg = Debug|Any CPU
		{A3084DE8-3FA2-D7F6-1460-6CD94C726A33}.Debug|Any CPU.Build.0 = Debug|Any CPU
		{A3084DE8-3FA2-D7F6-1460-6CD94C726A33}.Release|Any CPU.ActiveCfg = Release|Any CPU
		{A3084DE8-3FA2-D7F6-1460-6CD94C726A33}.Release|Any CPU.Build.0 = Release|Any CPU
		{91235300-54D8-D290-9945-DE2652890778}.Debug|Any CPU.ActiveCfg = Debug|Any CPU
		{91235300-54D8-D290-9945-DE2652890778}.Debug|Any CPU.Build.0 = Debug|Any CPU
		{91235300-54D8-D290-9945-DE2652890778}.Release|Any CPU.ActiveCfg = Release|Any CPU
		{91235300-54D8-D290-9945-DE2652890778}.Release|Any CPU.Build.0 = Release|Any CPU
		{DEAA4118-117B-C72C-6BEE-976BEBC49310}.Debug|Any CPU.ActiveCfg = Debug|Any CPU
		{DEAA4118-117B-C72C-6BEE-976BEBC49310}.Debug|Any CPU.Build.0 = Debug|Any CPU
		{DEAA4118-117B-C72C-6BEE-976BEBC49310}.Release|Any CPU.ActiveCfg = Release|Any CPU
		{DEAA4118-117B-C72C-6BEE-976BEBC49310}.Release|Any CPU.Build.0 = Release|Any CPU
		{D09056A1-53A2-C598-20E2-1070579E627E}.Debug|Any CPU.ActiveCfg = Debug|Any CPU
		{D09056A1-53A2-C598-20E2-1070579E627E}.Debug|Any CPU.Build.0 = Debug|Any CPU
		{D09056A1-53A2-C598-20E2-1070579E627E}.Release|Any CPU.ActiveCfg = Release|Any CPU
		{D09056A1-53A2-C598-20E2-1070579E627E}.Release|Any CPU.Build.0 = Release|Any CPU
		{FB9A8D01-7D4D-C7C2-C2E2-D0B0C3757034}.Debug|Any CPU.ActiveCfg = Debug|Any CPU
		{FB9A8D01-7D4D-C7C2-C2E2-D0B0C3757034}.Debug|Any CPU.Build.0 = Debug|Any CPU
		{FB9A8D01-7D4D-C7C2-C2E2-D0B0C3757034}.Release|Any CPU.ActiveCfg = Release|Any CPU
		{FB9A8D01-7D4D-C7C2-C2E2-D0B0C3757034}.Release|Any CPU.Build.0 = Release|Any CPU
		{470AABEA-1D3A-5A57-8C5B-1A1332AFDB21}.Debug|Any CPU.ActiveCfg = Debug|Any CPU
		{470AABEA-1D3A-5A57-8C5B-1A1332AFDB21}.Debug|Any CPU.Build.0 = Debug|Any CPU
		{470AABEA-1D3A-5A57-8C5B-1A1332AFDB21}.Release|Any CPU.ActiveCfg = Release|Any CPU
		{470AABEA-1D3A-5A57-8C5B-1A1332AFDB21}.Release|Any CPU.Build.0 = Release|Any CPU
		{E7ECDC21-29FA-C1F7-F15D-DEA2C2ED4FA0}.Debug|Any CPU.ActiveCfg = Debug|Any CPU
		{E7ECDC21-29FA-C1F7-F15D-DEA2C2ED4FA0}.Debug|Any CPU.Build.0 = Debug|Any CPU
		{E7ECDC21-29FA-C1F7-F15D-DEA2C2ED4FA0}.Release|Any CPU.ActiveCfg = Release|Any CPU
		{E7ECDC21-29FA-C1F7-F15D-DEA2C2ED4FA0}.Release|Any CPU.Build.0 = Release|Any CPU
		{B558D170-62CF-5B2B-AA7D-28B81C14316E}.Debug|Any CPU.ActiveCfg = Debug|Any CPU
		{B558D170-62CF-5B2B-AA7D-28B81C14316E}.Debug|Any CPU.Build.0 = Debug|Any CPU
		{B558D170-62CF-5B2B-AA7D-28B81C14316E}.Release|Any CPU.ActiveCfg = Release|Any CPU
		{B558D170-62CF-5B2B-AA7D-28B81C14316E}.Release|Any CPU.Build.0 = Release|Any CPU
		{8B56DC11-1828-D26E-3EFA-AD3C71A0468D}.Debug|Any CPU.ActiveCfg = Debug|Any CPU
		{8B56DC11-1828-D26E-3EFA-AD3C71A0468D}.Debug|Any CPU.Build.0 = Debug|Any CPU
		{8B56DC11-1828-D26E-3EFA-AD3C71A0468D}.Release|Any CPU.ActiveCfg = Release|Any CPU
		{8B56DC11-1828-D26E-3EFA-AD3C71A0468D}.Release|Any CPU.Build.0 = Release|Any CPU
		{46BA4F14-7A2A-7152-50B9-F9C69AA25FF3}.Debug|Any CPU.ActiveCfg = Debug|Any CPU
		{46BA4F14-7A2A-7152-50B9-F9C69AA25FF3}.Debug|Any CPU.Build.0 = Debug|Any CPU
		{46BA4F14-7A2A-7152-50B9-F9C69AA25FF3}.Release|Any CPU.ActiveCfg = Release|Any CPU
		{46BA4F14-7A2A-7152-50B9-F9C69AA25FF3}.Release|Any CPU.Build.0 = Release|Any CPU
		{67AB5886-6769-9F66-838B-26025A71DC04}.Debug|Any CPU.ActiveCfg = Debug|Any CPU
		{67AB5886-6769-9F66-838B-26025A71DC04}.Debug|Any CPU.Build.0 = Debug|Any CPU
		{67AB5886-6769-9F66-838B-26025A71DC04}.Release|Any CPU.ActiveCfg = Release|Any CPU
		{67AB5886-6769-9F66-838B-26025A71DC04}.Release|Any CPU.Build.0 = Release|Any CPU
		{1DC78BBD-044F-8535-F2B8-47D595674BFE}.Debug|Any CPU.ActiveCfg = Debug|Any CPU
		{1DC78BBD-044F-8535-F2B8-47D595674BFE}.Debug|Any CPU.Build.0 = Debug|Any CPU
		{1DC78BBD-044F-8535-F2B8-47D595674BFE}.Release|Any CPU.ActiveCfg = Release|Any CPU
		{1DC78BBD-044F-8535-F2B8-47D595674BFE}.Release|Any CPU.Build.0 = Release|Any CPU
		{61CAF8A1-6AA9-47F5-F678-EFA321DE747C}.Debug|Any CPU.ActiveCfg = Debug|Any CPU
		{61CAF8A1-6AA9-47F5-F678-EFA321DE747C}.Debug|Any CPU.Build.0 = Debug|Any CPU
		{61CAF8A1-6AA9-47F5-F678-EFA321DE747C}.Release|Any CPU.ActiveCfg = Release|Any CPU
		{61CAF8A1-6AA9-47F5-F678-EFA321DE747C}.Release|Any CPU.Build.0 = Release|Any CPU
		{33CCEAA3-592D-34FB-E94B-E7F45A383EAD}.Debug|Any CPU.ActiveCfg = Debug|Any CPU
		{33CCEAA3-592D-34FB-E94B-E7F45A383EAD}.Debug|Any CPU.Build.0 = Debug|Any CPU
		{33CCEAA3-592D-34FB-E94B-E7F45A383EAD}.Release|Any CPU.ActiveCfg = Release|Any CPU
		{33CCEAA3-592D-34FB-E94B-E7F45A383EAD}.Release|Any CPU.Build.0 = Release|Any CPU
		{E569E83D-6EF1-77A6-9909-A5DA48F42FAB}.Debug|Any CPU.ActiveCfg = Debug|Any CPU
		{E569E83D-6EF1-77A6-9909-A5DA48F42FAB}.Debug|Any CPU.Build.0 = Debug|Any CPU
		{E569E83D-6EF1-77A6-9909-A5DA48F42FAB}.Release|Any CPU.ActiveCfg = Release|Any CPU
		{E569E83D-6EF1-77A6-9909-A5DA48F42FAB}.Release|Any CPU.Build.0 = Release|Any CPU
		{4703B358-CF9D-2EBA-8365-DB1014E6B091}.Debug|Any CPU.ActiveCfg = Debug|Any CPU
		{4703B358-CF9D-2EBA-8365-DB1014E6B091}.Debug|Any CPU.Build.0 = Debug|Any CPU
		{4703B358-CF9D-2EBA-8365-DB1014E6B091}.Release|Any CPU.ActiveCfg = Release|Any CPU
		{4703B358-CF9D-2EBA-8365-DB1014E6B091}.Release|Any CPU.Build.0 = Release|Any CPU
		{BE0056DD-6F62-980D-98F0-D7755409BC94}.Debug|Any CPU.ActiveCfg = Debug|Any CPU
		{BE0056DD-6F62-980D-98F0-D7755409BC94}.Debug|Any CPU.Build.0 = Debug|Any CPU
		{BE0056DD-6F62-980D-98F0-D7755409BC94}.Release|Any CPU.ActiveCfg = Release|Any CPU
		{BE0056DD-6F62-980D-98F0-D7755409BC94}.Release|Any CPU.Build.0 = Release|Any CPU
		{3DA2B1A5-2AB7-AF18-CE50-E03E2128B33C}.Debug|Any CPU.ActiveCfg = Debug|Any CPU
		{3DA2B1A5-2AB7-AF18-CE50-E03E2128B33C}.Debug|Any CPU.Build.0 = Debug|Any CPU
		{3DA2B1A5-2AB7-AF18-CE50-E03E2128B33C}.Release|Any CPU.ActiveCfg = Release|Any CPU
		{3DA2B1A5-2AB7-AF18-CE50-E03E2128B33C}.Release|Any CPU.Build.0 = Release|Any CPU
		{C3A9020E-5478-8D1B-071A-0213CFF87631}.Debug|Any CPU.ActiveCfg = Debug|Any CPU
		{C3A9020E-5478-8D1B-071A-0213CFF87631}.Debug|Any CPU.Build.0 = Debug|Any CPU
		{C3A9020E-5478-8D1B-071A-0213CFF87631}.Release|Any CPU.ActiveCfg = Release|Any CPU
		{C3A9020E-5478-8D1B-071A-0213CFF87631}.Release|Any CPU.Build.0 = Release|Any CPU
		{78F7E11B-8C51-89A1-248C-D0035282643C}.Debug|Any CPU.ActiveCfg = Debug|Any CPU
		{78F7E11B-8C51-89A1-248C-D0035282643C}.Debug|Any CPU.Build.0 = Debug|Any CPU
		{78F7E11B-8C51-89A1-248C-D0035282643C}.Release|Any CPU.ActiveCfg = Release|Any CPU
		{78F7E11B-8C51-89A1-248C-D0035282643C}.Release|Any CPU.Build.0 = Release|Any CPU
		{18A3CC50-BF4A-D956-E061-49FA61C2B3D1}.Debug|Any CPU.ActiveCfg = Debug|Any CPU
		{18A3CC50-BF4A-D956-E061-49FA61C2B3D1}.Debug|Any CPU.Build.0 = Debug|Any CPU
		{18A3CC50-BF4A-D956-E061-49FA61C2B3D1}.Release|Any CPU.ActiveCfg = Release|Any CPU
		{18A3CC50-BF4A-D956-E061-49FA61C2B3D1}.Release|Any CPU.Build.0 = Release|Any CPU
		{32DC4CE0-F3CF-30E1-CE51-612140207626}.Debug|Any CPU.ActiveCfg = Debug|Any CPU
		{32DC4CE0-F3CF-30E1-CE51-612140207626}.Debug|Any CPU.Build.0 = Debug|Any CPU
		{32DC4CE0-F3CF-30E1-CE51-612140207626}.Release|Any CPU.ActiveCfg = Release|Any CPU
		{32DC4CE0-F3CF-30E1-CE51-612140207626}.Release|Any CPU.Build.0 = Release|Any CPU
		{583E2DF7-6161-84C1-8928-C338116C71EA}.Debug|Any CPU.ActiveCfg = Debug|Any CPU
		{583E2DF7-6161-84C1-8928-C338116C71EA}.Debug|Any CPU.Build.0 = Debug|Any CPU
		{583E2DF7-6161-84C1-8928-C338116C71EA}.Release|Any CPU.ActiveCfg = Release|Any CPU
		{583E2DF7-6161-84C1-8928-C338116C71EA}.Release|Any CPU.Build.0 = Release|Any CPU
		{83F8822D-38DC-C61C-CF76-02D1DD638ABC}.Debug|Any CPU.ActiveCfg = Debug|Any CPU
		{83F8822D-38DC-C61C-CF76-02D1DD638ABC}.Debug|Any CPU.Build.0 = Debug|Any CPU
		{83F8822D-38DC-C61C-CF76-02D1DD638ABC}.Release|Any CPU.ActiveCfg = Release|Any CPU
		{83F8822D-38DC-C61C-CF76-02D1DD638ABC}.Release|Any CPU.Build.0 = Release|Any CPU
		{4CBB1686-0CF4-8D81-70E2-B8D495C975E3}.Debug|Any CPU.ActiveCfg = Debug|Any CPU
		{4CBB1686-0CF4-8D81-70E2-B8D495C975E3}.Debug|Any CPU.Build.0 = Debug|Any CPU
		{4CBB1686-0CF4-8D81-70E2-B8D495C975E3}.Release|Any CPU.ActiveCfg = Release|Any CPU
		{4CBB1686-0CF4-8D81-70E2-B8D495C975E3}.Release|Any CPU.Build.0 = Release|Any CPU
		{FBF48DCB-ABA7-F03B-E15C-0E1A080AAB5D}.Debug|Any CPU.ActiveCfg = Debug|Any CPU
		{FBF48DCB-ABA7-F03B-E15C-0E1A080AAB5D}.Debug|Any CPU.Build.0 = Debug|Any CPU
		{FBF48DCB-ABA7-F03B-E15C-0E1A080AAB5D}.Release|Any CPU.ActiveCfg = Release|Any CPU
		{FBF48DCB-ABA7-F03B-E15C-0E1A080AAB5D}.Release|Any CPU.Build.0 = Release|Any CPU
		{0D275E28-355A-EB2D-1BC2-0D3ABC0B7884}.Debug|Any CPU.ActiveCfg = Debug|Any CPU
		{0D275E28-355A-EB2D-1BC2-0D3ABC0B7884}.Debug|Any CPU.Build.0 = Debug|Any CPU
		{0D275E28-355A-EB2D-1BC2-0D3ABC0B7884}.Release|Any CPU.ActiveCfg = Release|Any CPU
		{0D275E28-355A-EB2D-1BC2-0D3ABC0B7884}.Release|Any CPU.Build.0 = Release|Any CPU
		{ACD87758-B940-245C-DDA3-C91E582E8CCE}.Debug|Any CPU.ActiveCfg = Debug|Any CPU
		{ACD87758-B940-245C-DDA3-C91E582E8CCE}.Debug|Any CPU.Build.0 = Debug|Any CPU
		{ACD87758-B940-245C-DDA3-C91E582E8CCE}.Release|Any CPU.ActiveCfg = Release|Any CPU
		{ACD87758-B940-245C-DDA3-C91E582E8CCE}.Release|Any CPU.Build.0 = Release|Any CPU
		{4AB50D9D-26AF-41EE-629C-BD145AC56D79}.Debug|Any CPU.ActiveCfg = Debug|Any CPU
		{4AB50D9D-26AF-41EE-629C-BD145AC56D79}.Debug|Any CPU.Build.0 = Debug|Any CPU
		{4AB50D9D-26AF-41EE-629C-BD145AC56D79}.Release|Any CPU.ActiveCfg = Release|Any CPU
		{4AB50D9D-26AF-41EE-629C-BD145AC56D79}.Release|Any CPU.Build.0 = Release|Any CPU
		{E3E99C71-BE8B-14B9-73A0-0D4445D76C79}.Debug|Any CPU.ActiveCfg = Debug|Any CPU
		{E3E99C71-BE8B-14B9-73A0-0D4445D76C79}.Debug|Any CPU.Build.0 = Debug|Any CPU
		{E3E99C71-BE8B-14B9-73A0-0D4445D76C79}.Release|Any CPU.ActiveCfg = Release|Any CPU
		{E3E99C71-BE8B-14B9-73A0-0D4445D76C79}.Release|Any CPU.Build.0 = Release|Any CPU
		{577BCA17-2056-3ECF-01D3-F80E09C346A6}.Debug|Any CPU.ActiveCfg = Debug|Any CPU
		{577BCA17-2056-3ECF-01D3-F80E09C346A6}.Debug|Any CPU.Build.0 = Debug|Any CPU
		{577BCA17-2056-3ECF-01D3-F80E09C346A6}.Release|Any CPU.ActiveCfg = Release|Any CPU
		{577BCA17-2056-3ECF-01D3-F80E09C346A6}.Release|Any CPU.Build.0 = Release|Any CPU
		{AD29C51C-85CC-79B6-B979-7A9435BC89B6}.Debug|Any CPU.ActiveCfg = Debug|Any CPU
		{AD29C51C-85CC-79B6-B979-7A9435BC89B6}.Debug|Any CPU.Build.0 = Debug|Any CPU
		{AD29C51C-85CC-79B6-B979-7A9435BC89B6}.Release|Any CPU.ActiveCfg = Release|Any CPU
		{AD29C51C-85CC-79B6-B979-7A9435BC89B6}.Release|Any CPU.Build.0 = Release|Any CPU
		{A816B1A7-C7BD-45B9-F468-50E073E7A8B2}.Debug|Any CPU.ActiveCfg = Debug|Any CPU
		{A816B1A7-C7BD-45B9-F468-50E073E7A8B2}.Debug|Any CPU.Build.0 = Debug|Any CPU
		{A816B1A7-C7BD-45B9-F468-50E073E7A8B2}.Release|Any CPU.ActiveCfg = Release|Any CPU
		{A816B1A7-C7BD-45B9-F468-50E073E7A8B2}.Release|Any CPU.Build.0 = Release|Any CPU
		{1FBF6599-021C-BDC6-4496-D445615A3021}.Debug|Any CPU.ActiveCfg = Debug|Any CPU
		{1FBF6599-021C-BDC6-4496-D445615A3021}.Debug|Any CPU.Build.0 = Debug|Any CPU
		{1FBF6599-021C-BDC6-4496-D445615A3021}.Release|Any CPU.ActiveCfg = Release|Any CPU
		{1FBF6599-021C-BDC6-4496-D445615A3021}.Release|Any CPU.Build.0 = Release|Any CPU
		{14E251BC-99F6-5BA3-3AD2-0BB13685490A}.Debug|Any CPU.ActiveCfg = Debug|Any CPU
		{14E251BC-99F6-5BA3-3AD2-0BB13685490A}.Debug|Any CPU.Build.0 = Debug|Any CPU
		{14E251BC-99F6-5BA3-3AD2-0BB13685490A}.Release|Any CPU.ActiveCfg = Release|Any CPU
		{14E251BC-99F6-5BA3-3AD2-0BB13685490A}.Release|Any CPU.Build.0 = Release|Any CPU
		{8B9768A5-FCC4-0011-7434-92C654CABB5A}.Debug|Any CPU.ActiveCfg = Debug|Any CPU
		{8B9768A5-FCC4-0011-7434-92C654CABB5A}.Debug|Any CPU.Build.0 = Debug|Any CPU
		{8B9768A5-FCC4-0011-7434-92C654CABB5A}.Release|Any CPU.ActiveCfg = Release|Any CPU
		{8B9768A5-FCC4-0011-7434-92C654CABB5A}.Release|Any CPU.Build.0 = Release|Any CPU
		{FFC24EA1-1890-CE27-A18C-C87719A258A4}.Debug|Any CPU.ActiveCfg = Debug|Any CPU
		{FFC24EA1-1890-CE27-A18C-C87719A258A4}.Debug|Any CPU.Build.0 = Debug|Any CPU
		{FFC24EA1-1890-CE27-A18C-C87719A258A4}.Release|Any CPU.ActiveCfg = Release|Any CPU
		{FFC24EA1-1890-CE27-A18C-C87719A258A4}.Release|Any CPU.Build.0 = Release|Any CPU
		{22C28F67-098F-53C4-45FE-515B7E8CF0C1}.Debug|Any CPU.ActiveCfg = Debug|Any CPU
		{22C28F67-098F-53C4-45FE-515B7E8CF0C1}.Debug|Any CPU.Build.0 = Debug|Any CPU
		{22C28F67-098F-53C4-45FE-515B7E8CF0C1}.Release|Any CPU.ActiveCfg = Release|Any CPU
		{22C28F67-098F-53C4-45FE-515B7E8CF0C1}.Release|Any CPU.Build.0 = Release|Any CPU
		{BBE1E91A-3F4D-0F7D-C7B9-25546BDCB59F}.Debug|Any CPU.ActiveCfg = Debug|Any CPU
		{BBE1E91A-3F4D-0F7D-C7B9-25546BDCB59F}.Debug|Any CPU.Build.0 = Debug|Any CPU
		{BBE1E91A-3F4D-0F7D-C7B9-25546BDCB59F}.Release|Any CPU.ActiveCfg = Release|Any CPU
		{BBE1E91A-3F4D-0F7D-C7B9-25546BDCB59F}.Release|Any CPU.Build.0 = Release|Any CPU
		{8CC9A171-DC4D-0143-408C-241AEE679761}.Debug|Any CPU.ActiveCfg = Debug|Any CPU
		{8CC9A171-DC4D-0143-408C-241AEE679761}.Debug|Any CPU.Build.0 = Debug|Any CPU
		{8CC9A171-DC4D-0143-408C-241AEE679761}.Release|Any CPU.ActiveCfg = Release|Any CPU
		{8CC9A171-DC4D-0143-408C-241AEE679761}.Release|Any CPU.Build.0 = Release|Any CPU
		{976BADD8-7907-AA9B-DDCD-11EDADC5DAEB}.Debug|Any CPU.ActiveCfg = Debug|Any CPU
		{976BADD8-7907-AA9B-DDCD-11EDADC5DAEB}.Debug|Any CPU.Build.0 = Debug|Any CPU
		{976BADD8-7907-AA9B-DDCD-11EDADC5DAEB}.Release|Any CPU.ActiveCfg = Release|Any CPU
		{976BADD8-7907-AA9B-DDCD-11EDADC5DAEB}.Release|Any CPU.Build.0 = Release|Any CPU
		{4AA744A3-81BA-92EB-D588-450D4950BC44}.Debug|Any CPU.ActiveCfg = Debug|Any CPU
		{4AA744A3-81BA-92EB-D588-450D4950BC44}.Debug|Any CPU.Build.0 = Debug|Any CPU
		{4AA744A3-81BA-92EB-D588-450D4950BC44}.Release|Any CPU.ActiveCfg = Release|Any CPU
		{4AA744A3-81BA-92EB-D588-450D4950BC44}.Release|Any CPU.Build.0 = Release|Any CPU
	EndGlobalSection
	GlobalSection(SolutionProperties) = preSolution
		HideSolutionNode = FALSE
	EndGlobalSection
EndGlobal
